
Microsoft Visual Studio Solution File, Format Version 12.00
# Visual Studio Version 17
VisualStudioVersion = 17.8.34322.80
MinimumVisualStudioVersion = 10.0.40219.1
Project("{FAE04EC0-301F-11D3-BF4B-00C04F79EFBC}") = "Bioskop", "Bioskop\Bioskop.csproj", "{7CDA2488-03A9-41B4-9160-C87FB1ABDCEC}"
EndProject
Global
	GlobalSection(SolutionConfigurationPlatforms) = preSolution
		Debug|Any CPU = Debug|Any CPU
		Release|Any CPU = Release|Any CPU
	EndGlobalSection
	GlobalSection(ProjectConfigurationPlatforms) = postSolution
		{7CDA2488-03A9-41B4-9160-C87FB1ABDCEC}.Debug|Any CPU.ActiveCfg = Debug|Any CPU
		{7CDA2488-03A9-41B4-9160-C87FB1ABDCEC}.Debug|Any CPU.Build.0 = Debug|Any CPU
		{7CDA2488-03A9-41B4-9160-C87FB1ABDCEC}.Release|Any CPU.ActiveCfg = Release|Any CPU
		{7CDA2488-03A9-41B4-9160-C87FB1ABDCEC}.Release|Any CPU.Build.0 = Release|Any CPU
	EndGlobalSection
	GlobalSection(SolutionProperties) = preSolution
		HideSolutionNode = FALSE
	EndGlobalSection
	GlobalSection(ExtensibilityGlobals) = postSolution
		SolutionGuid = {F8F13D85-3D8D-49A0-AAA5-3C3DED9B04D6}
	EndGlobalSection
EndGlobal
